// !$*UTF8*$!
{
	archiveVersion = 1;
	classes = {
	};
	objectVersion = 46;
	objects = {

/* Begin PBXBuildFile section */
		1287992720BC304400E9D89D /* User.m in Sources */ = {isa = PBXBuildFile; fileRef = 1287990420BC304300E9D89D /* User.m */; };
		1287992820BC304400E9D89D /* ImageDownloader.m in Sources */ = {isa = PBXBuildFile; fileRef = 1287990520BC304300E9D89D /* ImageDownloader.m */; };
		1287992920BC304400E9D89D /* AudioModel.m in Sources */ = {isa = PBXBuildFile; fileRef = 1287990620BC304300E9D89D /* AudioModel.m */; };
		1287992A20BC304400E9D89D /* BarCodeGenerator.m in Sources */ = {isa = PBXBuildFile; fileRef = 1287990B20BC304300E9D89D /* BarCodeGenerator.m */; };
		1287992B20BC304400E9D89D /* DetailTableCell.m in Sources */ = {isa = PBXBuildFile; fileRef = 1287990D20BC304400E9D89D /* DetailTableCell.m */; };
		1287992C20BC304400E9D89D /* HomeTableCell.m in Sources */ = {isa = PBXBuildFile; fileRef = 1287990E20BC304400E9D89D /* HomeTableCell.m */; };
		1287992D20BC304400E9D89D /* WalletCell.m in Sources */ = {isa = PBXBuildFile; fileRef = 1287991020BC304400E9D89D /* WalletCell.m */; };
		1287992E20BC304400E9D89D /* ImageCell.m in Sources */ = {isa = PBXBuildFile; fileRef = 1287991520BC304400E9D89D /* ImageCell.m */; };
		1287992F20BC304400E9D89D /* AboutOfferCell.m in Sources */ = {isa = PBXBuildFile; fileRef = 1287991620BC304400E9D89D /* AboutOfferCell.m */; };
		1287993020BC304400E9D89D /* MBNibs.m in Sources */ = {isa = PBXBuildFile; fileRef = 1287991820BC304400E9D89D /* MBNibs.m */; };
		1287993120BC304400E9D89D /* MBState.m in Sources */ = {isa = PBXBuildFile; fileRef = 1287991920BC304400E9D89D /* MBState.m */; };
		1287993220BC304400E9D89D /* Availablility.m in Sources */ = {isa = PBXBuildFile; fileRef = 1287991B20BC304400E9D89D /* Availablility.m */; };
		1287993320BC304400E9D89D /* MBTracking.m in Sources */ = {isa = PBXBuildFile; fileRef = 1287991F20BC304400E9D89D /* MBTracking.m */; };
		1287993420BC304400E9D89D /* RequestManager.m in Sources */ = {isa = PBXBuildFile; fileRef = 1287992120BC304400E9D89D /* RequestManager.m */; };
		1287993520BC304400E9D89D /* MBProgressHUD.m in Sources */ = {isa = PBXBuildFile; fileRef = 1287992220BC304400E9D89D /* MBProgressHUD.m */; };
		1287993620BC304400E9D89D /* TMRequestManager.m in Sources */ = {isa = PBXBuildFile; fileRef = 1287992320BC304400E9D89D /* TMRequestManager.m */; };
		1287994620BC319300E9D89D /* HomeViewController.m in Sources */ = {isa = PBXBuildFile; fileRef = 1287993820BC319300E9D89D /* HomeViewController.m */; };
		1287994820BC319300E9D89D /* RedeemOnlineVC.m in Sources */ = {isa = PBXBuildFile; fileRef = 1287993F20BC319300E9D89D /* RedeemOnlineVC.m */; };
		1287994920BC319300E9D89D /* RedeemInStoreVC.m in Sources */ = {isa = PBXBuildFile; fileRef = 1287994020BC319300E9D89D /* RedeemInStoreVC.m */; };
		1287994A20BC319300E9D89D /* HomeTableVC.m in Sources */ = {isa = PBXBuildFile; fileRef = 1287994220BC319300E9D89D /* HomeTableVC.m */; };
		1287994B20BC319300E9D89D /* DetailHomeVC.m in Sources */ = {isa = PBXBuildFile; fileRef = 1287994420BC319300E9D89D /* DetailHomeVC.m */; };
		1287994C20BC319300E9D89D /* WalletViewController.m in Sources */ = {isa = PBXBuildFile; fileRef = 1287994520BC319300E9D89D /* WalletViewController.m */; };
		1287994F20BD7EE000E9D89D /* ValenceAudio.framework in Frameworks */ = {isa = PBXBuildFile; fileRef = 1287994D20BD7EDF00E9D89D /* ValenceAudio.framework */; };
		1287995020BD7EE000E9D89D /* ValenceGeofence.framework in Frameworks */ = {isa = PBXBuildFile; fileRef = 1287994E20BD7EE000E9D89D /* ValenceGeofence.framework */; };
		7E52B81D1F5091A400656923 /* main.m in Sources */ = {isa = PBXBuildFile; fileRef = 7E52B81C1F5091A400656923 /* main.m */; };
		7E52B8201F5091A400656923 /* AppDelegate.m in Sources */ = {isa = PBXBuildFile; fileRef = 7E52B81F1F5091A400656923 /* AppDelegate.m */; };
		7E52B8231F5091A400656923 /* ViewController.m in Sources */ = {isa = PBXBuildFile; fileRef = 7E52B8221F5091A400656923 /* ViewController.m */; };
		7E52B8261F5091A400656923 /* Main.storyboard in Resources */ = {isa = PBXBuildFile; fileRef = 7E52B8241F5091A400656923 /* Main.storyboard */; };
		7E52B8281F5091A400656923 /* Assets.xcassets in Resources */ = {isa = PBXBuildFile; fileRef = 7E52B8271F5091A400656923 /* Assets.xcassets */; };
		7E52B82B1F5091A400656923 /* LaunchScreen.storyboard in Resources */ = {isa = PBXBuildFile; fileRef = 7E52B8291F5091A400656923 /* LaunchScreen.storyboard */; };
		7E52B84D1F50934900656923 /* Mantle.framework in Frameworks */ = {isa = PBXBuildFile; fileRef = 7E52B84C1F50934900656923 /* Mantle.framework */; };
		7E52B8531F50935B00656923 /* AFNetworking.framework in Embed Frameworks */ = {isa = PBXBuildFile; fileRef = 7E52B8501F50935400656923 /* AFNetworking.framework */; settings = {ATTRIBUTES = (CodeSignOnCopy, RemoveHeadersOnCopy, ); }; };
		7E52B8551F50935B00656923 /* KontaktSDK.framework in Embed Frameworks */ = {isa = PBXBuildFile; fileRef = 7E52B84E1F50934E00656923 /* KontaktSDK.framework */; settings = {ATTRIBUTES = (CodeSignOnCopy, RemoveHeadersOnCopy, ); }; };
		7E52B8571F50935B00656923 /* Mantle.framework in Embed Frameworks */ = {isa = PBXBuildFile; fileRef = 7E52B84C1F50934900656923 /* Mantle.framework */; settings = {ATTRIBUTES = (CodeSignOnCopy, RemoveHeadersOnCopy, ); }; };
		7EEC76172017F53E002723DE /* ValenceBeacon.framework in Frameworks */ = {isa = PBXBuildFile; fileRef = 7EEC76152017F53E002723DE /* ValenceBeacon.framework */; };
		7EEC76182017F53E002723DE /* Nucleus.framework in Frameworks */ = {isa = PBXBuildFile; fileRef = 7EEC76162017F53E002723DE /* Nucleus.framework */; };
		7EEC761B2017F6C2002723DE /* PINCache.framework in Frameworks */ = {isa = PBXBuildFile; fileRef = 7EEC76192017F690002723DE /* PINCache.framework */; };
		7EEC761C2017F6C2002723DE /* PINCache.framework in Embed Frameworks */ = {isa = PBXBuildFile; fileRef = 7EEC76192017F690002723DE /* PINCache.framework */; settings = {ATTRIBUTES = (CodeSignOnCopy, RemoveHeadersOnCopy, ); }; };
/* End PBXBuildFile section */

/* Begin PBXCopyFilesBuildPhase section */
		7E52B8581F50935B00656923 /* Embed Frameworks */ = {
			isa = PBXCopyFilesBuildPhase;
			buildActionMask = 2147483647;
			dstPath = "";
			dstSubfolderSpec = 10;
			files = (
				7E52B8551F50935B00656923 /* KontaktSDK.framework in Embed Frameworks */,
				7EEC761C2017F6C2002723DE /* PINCache.framework in Embed Frameworks */,
				7E52B8531F50935B00656923 /* AFNetworking.framework in Embed Frameworks */,
				7E52B8571F50935B00656923 /* Mantle.framework in Embed Frameworks */,
			);
			name = "Embed Frameworks";
			runOnlyForDeploymentPostprocessing = 0;
		};
/* End PBXCopyFilesBuildPhase section */

/* Begin PBXFileReference section */
		1287990320BC304300E9D89D /* AudioModel.h */ = {isa = PBXFileReference; fileEncoding = 4; lastKnownFileType = sourcecode.c.h; path = AudioModel.h; sourceTree = "<group>"; };
		1287990420BC304300E9D89D /* User.m */ = {isa = PBXFileReference; fileEncoding = 4; lastKnownFileType = sourcecode.c.objc; path = User.m; sourceTree = "<group>"; };
		1287990520BC304300E9D89D /* ImageDownloader.m */ = {isa = PBXFileReference; fileEncoding = 4; lastKnownFileType = sourcecode.c.objc; path = ImageDownloader.m; sourceTree = "<group>"; };
		1287990620BC304300E9D89D /* AudioModel.m */ = {isa = PBXFileReference; fileEncoding = 4; lastKnownFileType = sourcecode.c.objc; path = AudioModel.m; sourceTree = "<group>"; };
		1287990720BC304300E9D89D /* User.h */ = {isa = PBXFileReference; fileEncoding = 4; lastKnownFileType = sourcecode.c.h; path = User.h; sourceTree = "<group>"; };
		1287990820BC304300E9D89D /* ImageDownloader.h */ = {isa = PBXFileReference; fileEncoding = 4; lastKnownFileType = sourcecode.c.h; path = ImageDownloader.h; sourceTree = "<group>"; };
		1287990A20BC304300E9D89D /* BarCodeGenerator.h */ = {isa = PBXFileReference; fileEncoding = 4; lastKnownFileType = sourcecode.c.h; path = BarCodeGenerator.h; sourceTree = "<group>"; };
		1287990B20BC304300E9D89D /* BarCodeGenerator.m */ = {isa = PBXFileReference; fileEncoding = 4; lastKnownFileType = sourcecode.c.objc; path = BarCodeGenerator.m; sourceTree = "<group>"; };
		1287990D20BC304400E9D89D /* DetailTableCell.m */ = {isa = PBXFileReference; fileEncoding = 4; lastKnownFileType = sourcecode.c.objc; path = DetailTableCell.m; sourceTree = "<group>"; };
		1287990E20BC304400E9D89D /* HomeTableCell.m */ = {isa = PBXFileReference; fileEncoding = 4; lastKnownFileType = sourcecode.c.objc; path = HomeTableCell.m; sourceTree = "<group>"; };
		1287990F20BC304400E9D89D /* ImageCell.h */ = {isa = PBXFileReference; fileEncoding = 4; lastKnownFileType = sourcecode.c.h; path = ImageCell.h; sourceTree = "<group>"; };
		1287991020BC304400E9D89D /* WalletCell.m */ = {isa = PBXFileReference; fileEncoding = 4; lastKnownFileType = sourcecode.c.objc; path = WalletCell.m; sourceTree = "<group>"; };
		1287991120BC304400E9D89D /* AboutOfferCell.h */ = {isa = PBXFileReference; fileEncoding = 4; lastKnownFileType = sourcecode.c.h; path = AboutOfferCell.h; sourceTree = "<group>"; };
		1287991220BC304400E9D89D /* DetailTableCell.h */ = {isa = PBXFileReference; fileEncoding = 4; lastKnownFileType = sourcecode.c.h; path = DetailTableCell.h; sourceTree = "<group>"; };
		1287991320BC304400E9D89D /* HomeTableCell.h */ = {isa = PBXFileReference; fileEncoding = 4; lastKnownFileType = sourcecode.c.h; path = HomeTableCell.h; sourceTree = "<group>"; };
		1287991420BC304400E9D89D /* WalletCell.h */ = {isa = PBXFileReference; fileEncoding = 4; lastKnownFileType = sourcecode.c.h; path = WalletCell.h; sourceTree = "<group>"; };
		1287991520BC304400E9D89D /* ImageCell.m */ = {isa = PBXFileReference; fileEncoding = 4; lastKnownFileType = sourcecode.c.objc; path = ImageCell.m; sourceTree = "<group>"; };
		1287991620BC304400E9D89D /* AboutOfferCell.m */ = {isa = PBXFileReference; fileEncoding = 4; lastKnownFileType = sourcecode.c.objc; path = AboutOfferCell.m; sourceTree = "<group>"; };
		1287991820BC304400E9D89D /* MBNibs.m */ = {isa = PBXFileReference; fileEncoding = 4; lastKnownFileType = sourcecode.c.objc; path = MBNibs.m; sourceTree = "<group>"; };
		1287991920BC304400E9D89D /* MBState.m */ = {isa = PBXFileReference; fileEncoding = 4; lastKnownFileType = sourcecode.c.objc; path = MBState.m; sourceTree = "<group>"; };
		1287991A20BC304400E9D89D /* MBTracking.h */ = {isa = PBXFileReference; fileEncoding = 4; lastKnownFileType = sourcecode.c.h; path = MBTracking.h; sourceTree = "<group>"; };
		1287991B20BC304400E9D89D /* Availablility.m */ = {isa = PBXFileReference; fileEncoding = 4; lastKnownFileType = sourcecode.c.objc; path = Availablility.m; sourceTree = "<group>"; };
		1287991C20BC304400E9D89D /* MBNibs.h */ = {isa = PBXFileReference; fileEncoding = 4; lastKnownFileType = sourcecode.c.h; path = MBNibs.h; sourceTree = "<group>"; };
		1287991D20BC304400E9D89D /* MBState.h */ = {isa = PBXFileReference; fileEncoding = 4; lastKnownFileType = sourcecode.c.h; path = MBState.h; sourceTree = "<group>"; };
		1287991E20BC304400E9D89D /* Availablility.h */ = {isa = PBXFileReference; fileEncoding = 4; lastKnownFileType = sourcecode.c.h; path = Availablility.h; sourceTree = "<group>"; };
		1287991F20BC304400E9D89D /* MBTracking.m */ = {isa = PBXFileReference; fileEncoding = 4; lastKnownFileType = sourcecode.c.objc; path = MBTracking.m; sourceTree = "<group>"; };
		1287992120BC304400E9D89D /* RequestManager.m */ = {isa = PBXFileReference; fileEncoding = 4; lastKnownFileType = sourcecode.c.objc; path = RequestManager.m; sourceTree = "<group>"; };
		1287992220BC304400E9D89D /* MBProgressHUD.m */ = {isa = PBXFileReference; fileEncoding = 4; lastKnownFileType = sourcecode.c.objc; path = MBProgressHUD.m; sourceTree = "<group>"; };
		1287992320BC304400E9D89D /* TMRequestManager.m */ = {isa = PBXFileReference; fileEncoding = 4; lastKnownFileType = sourcecode.c.objc; path = TMRequestManager.m; sourceTree = "<group>"; };
		1287992420BC304400E9D89D /* MBProgressHUD.h */ = {isa = PBXFileReference; fileEncoding = 4; lastKnownFileType = sourcecode.c.h; path = MBProgressHUD.h; sourceTree = "<group>"; };
		1287992520BC304400E9D89D /* RequestManager.h */ = {isa = PBXFileReference; fileEncoding = 4; lastKnownFileType = sourcecode.c.h; path = RequestManager.h; sourceTree = "<group>"; };
		1287992620BC304400E9D89D /* TMRequestManager.h */ = {isa = PBXFileReference; fileEncoding = 4; lastKnownFileType = sourcecode.c.h; path = TMRequestManager.h; sourceTree = "<group>"; };
		1287993820BC319300E9D89D /* HomeViewController.m */ = {isa = PBXFileReference; fileEncoding = 4; lastKnownFileType = sourcecode.c.objc; path = HomeViewController.m; sourceTree = "<group>"; };
		1287993920BC319300E9D89D /* RedeemInStoreVC.h */ = {isa = PBXFileReference; fileEncoding = 4; lastKnownFileType = sourcecode.c.h; path = RedeemInStoreVC.h; sourceTree = "<group>"; };
		1287993A20BC319300E9D89D /* RedeemOnlineVC.h */ = {isa = PBXFileReference; fileEncoding = 4; lastKnownFileType = sourcecode.c.h; path = RedeemOnlineVC.h; sourceTree = "<group>"; };
		1287993B20BC319300E9D89D /* HomeTableVC.h */ = {isa = PBXFileReference; fileEncoding = 4; lastKnownFileType = sourcecode.c.h; path = HomeTableVC.h; sourceTree = "<group>"; };
		1287993C20BC319300E9D89D /* WalletViewController.h */ = {isa = PBXFileReference; fileEncoding = 4; lastKnownFileType = sourcecode.c.h; path = WalletViewController.h; sourceTree = "<group>"; };
		1287993D20BC319300E9D89D /* DetailHomeVC.h */ = {isa = PBXFileReference; fileEncoding = 4; lastKnownFileType = sourcecode.c.h; path = DetailHomeVC.h; sourceTree = "<group>"; };
		1287993F20BC319300E9D89D /* RedeemOnlineVC.m */ = {isa = PBXFileReference; fileEncoding = 4; lastKnownFileType = sourcecode.c.objc; path = RedeemOnlineVC.m; sourceTree = "<group>"; };
		1287994020BC319300E9D89D /* RedeemInStoreVC.m */ = {isa = PBXFileReference; fileEncoding = 4; lastKnownFileType = sourcecode.c.objc; path = RedeemInStoreVC.m; sourceTree = "<group>"; };
		1287994120BC319300E9D89D /* HomeViewController.h */ = {isa = PBXFileReference; fileEncoding = 4; lastKnownFileType = sourcecode.c.h; path = HomeViewController.h; sourceTree = "<group>"; };
		1287994220BC319300E9D89D /* HomeTableVC.m */ = {isa = PBXFileReference; fileEncoding = 4; lastKnownFileType = sourcecode.c.objc; path = HomeTableVC.m; sourceTree = "<group>"; };
		1287994420BC319300E9D89D /* DetailHomeVC.m */ = {isa = PBXFileReference; fileEncoding = 4; lastKnownFileType = sourcecode.c.objc; path = DetailHomeVC.m; sourceTree = "<group>"; };
		1287994520BC319300E9D89D /* WalletViewController.m */ = {isa = PBXFileReference; fileEncoding = 4; lastKnownFileType = sourcecode.c.objc; path = WalletViewController.m; sourceTree = "<group>"; };
		1287994D20BD7EDF00E9D89D /* ValenceAudio.framework */ = {isa = PBXFileReference; lastKnownFileType = wrapper.framework; name = ValenceAudio.framework; path = frameworks/ValenceAudio.framework; sourceTree = "<group>"; };
		1287994E20BD7EE000E9D89D /* ValenceGeofence.framework */ = {isa = PBXFileReference; lastKnownFileType = wrapper.framework; name = ValenceGeofence.framework; path = frameworks/ValenceGeofence.framework; sourceTree = "<group>"; };
		7E52B8181F5091A400656923 /* DemoSampleApp.app */ = {isa = PBXFileReference; explicitFileType = wrapper.application; includeInIndex = 0; path = DemoSampleApp.app; sourceTree = BUILT_PRODUCTS_DIR; };
		7E52B81C1F5091A400656923 /* main.m */ = {isa = PBXFileReference; lastKnownFileType = sourcecode.c.objc; path = main.m; sourceTree = "<group>"; };
		7E52B81E1F5091A400656923 /* AppDelegate.h */ = {isa = PBXFileReference; lastKnownFileType = sourcecode.c.h; path = AppDelegate.h; sourceTree = "<group>"; };
		7E52B81F1F5091A400656923 /* AppDelegate.m */ = {isa = PBXFileReference; lastKnownFileType = sourcecode.c.objc; path = AppDelegate.m; sourceTree = "<group>"; };
		7E52B8211F5091A400656923 /* ViewController.h */ = {isa = PBXFileReference; lastKnownFileType = sourcecode.c.h; path = ViewController.h; sourceTree = "<group>"; };
		7E52B8221F5091A400656923 /* ViewController.m */ = {isa = PBXFileReference; lastKnownFileType = sourcecode.c.objc; path = ViewController.m; sourceTree = "<group>"; };
		7E52B8251F5091A400656923 /* Base */ = {isa = PBXFileReference; lastKnownFileType = file.storyboard; name = Base; path = Base.lproj/Main.storyboard; sourceTree = "<group>"; };
		7E52B8271F5091A400656923 /* Assets.xcassets */ = {isa = PBXFileReference; lastKnownFileType = folder.assetcatalog; path = Assets.xcassets; sourceTree = "<group>"; };
		7E52B82A1F5091A400656923 /* Base */ = {isa = PBXFileReference; lastKnownFileType = file.storyboard; name = Base; path = Base.lproj/LaunchScreen.storyboard; sourceTree = "<group>"; };
		7E52B82C1F5091A400656923 /* Info.plist */ = {isa = PBXFileReference; lastKnownFileType = text.plist.xml; path = Info.plist; sourceTree = "<group>"; };
		7E52B84C1F50934900656923 /* Mantle.framework */ = {isa = PBXFileReference; lastKnownFileType = wrapper.framework; name = Mantle.framework; path = Carthage/Build/iOS/Mantle.framework; sourceTree = "<group>"; };
		7E52B84E1F50934E00656923 /* KontaktSDK.framework */ = {isa = PBXFileReference; lastKnownFileType = wrapper.framework; name = KontaktSDK.framework; path = Carthage/Build/iOS/KontaktSDK.framework; sourceTree = "<group>"; };
		7E52B8501F50935400656923 /* AFNetworking.framework */ = {isa = PBXFileReference; lastKnownFileType = wrapper.framework; name = AFNetworking.framework; path = Carthage/Build/iOS/AFNetworking.framework; sourceTree = "<group>"; };
		7EEC76152017F53E002723DE /* ValenceBeacon.framework */ = {isa = PBXFileReference; lastKnownFileType = wrapper.framework; name = ValenceBeacon.framework; path = frameworks/ValenceBeacon.framework; sourceTree = "<group>"; };
		7EEC76162017F53E002723DE /* Nucleus.framework */ = {isa = PBXFileReference; lastKnownFileType = wrapper.framework; name = Nucleus.framework; path = frameworks/Nucleus.framework; sourceTree = "<group>"; };
		7EEC76192017F690002723DE /* PINCache.framework */ = {isa = PBXFileReference; lastKnownFileType = wrapper.framework; name = PINCache.framework; path = frameworks/PINCache.framework; sourceTree = "<group>"; };
/* End PBXFileReference section */

/* Begin PBXFrameworksBuildPhase section */
		7E52B8151F5091A400656923 /* Frameworks */ = {
			isa = PBXFrameworksBuildPhase;
			buildActionMask = 2147483647;
			files = (
				7EEC761B2017F6C2002723DE /* PINCache.framework in Frameworks */,
				1287994F20BD7EE000E9D89D /* ValenceAudio.framework in Frameworks */,
				7EEC76182017F53E002723DE /* Nucleus.framework in Frameworks */,
				7E52B84D1F50934900656923 /* Mantle.framework in Frameworks */,
				7EEC76172017F53E002723DE /* ValenceBeacon.framework in Frameworks */,
				1287995020BD7EE000E9D89D /* ValenceGeofence.framework in Frameworks */,
			);
			runOnlyForDeploymentPostprocessing = 0;
		};
/* End PBXFrameworksBuildPhase section */

/* Begin PBXGroup section */
		1287990220BC304300E9D89D /* BusinessModel */ = {
			isa = PBXGroup;
			children = (
				1287990320BC304300E9D89D /* AudioModel.h */,
				1287990620BC304300E9D89D /* AudioModel.m */,
				1287990720BC304300E9D89D /* User.h */,
				1287990420BC304300E9D89D /* User.m */,
				1287990820BC304300E9D89D /* ImageDownloader.h */,
				1287990520BC304300E9D89D /* ImageDownloader.m */,
			);
			path = BusinessModel;
			sourceTree = "<group>";
		};
		1287990920BC304300E9D89D /* BarCode */ = {
			isa = PBXGroup;
			children = (
				1287990A20BC304300E9D89D /* BarCodeGenerator.h */,
				1287990B20BC304300E9D89D /* BarCodeGenerator.m */,
			);
			path = BarCode;
			sourceTree = "<group>";
		};
		1287990C20BC304400E9D89D /* CustomCells */ = {
			isa = PBXGroup;
			children = (
				1287991320BC304400E9D89D /* HomeTableCell.h */,
				1287990E20BC304400E9D89D /* HomeTableCell.m */,
				1287990F20BC304400E9D89D /* ImageCell.h */,
				1287991520BC304400E9D89D /* ImageCell.m */,
				1287991120BC304400E9D89D /* AboutOfferCell.h */,
				1287991620BC304400E9D89D /* AboutOfferCell.m */,
				1287991220BC304400E9D89D /* DetailTableCell.h */,
				1287990D20BC304400E9D89D /* DetailTableCell.m */,
				1287991420BC304400E9D89D /* WalletCell.h */,
				1287991020BC304400E9D89D /* WalletCell.m */,
			);
			path = CustomCells;
			sourceTree = "<group>";
		};
		1287991720BC304400E9D89D /* NetworkLayer */ = {
			isa = PBXGroup;
			children = (
				1287991C20BC304400E9D89D /* MBNibs.h */,
				1287991820BC304400E9D89D /* MBNibs.m */,
				1287991D20BC304400E9D89D /* MBState.h */,
				1287991920BC304400E9D89D /* MBState.m */,
				1287991A20BC304400E9D89D /* MBTracking.h */,
				1287991F20BC304400E9D89D /* MBTracking.m */,
				1287991E20BC304400E9D89D /* Availablility.h */,
				1287991B20BC304400E9D89D /* Availablility.m */,
			);
			path = NetworkLayer;
			sourceTree = "<group>";
		};
		1287992020BC304400E9D89D /* Utilities */ = {
			isa = PBXGroup;
			children = (
				1287992620BC304400E9D89D /* TMRequestManager.h */,
				1287992320BC304400E9D89D /* TMRequestManager.m */,
				1287992520BC304400E9D89D /* RequestManager.h */,
				1287992120BC304400E9D89D /* RequestManager.m */,
				1287992420BC304400E9D89D /* MBProgressHUD.h */,
				1287992220BC304400E9D89D /* MBProgressHUD.m */,
			);
			path = Utilities;
			sourceTree = "<group>";
		};
		1287993720BC319300E9D89D /* ViewControllers */ = {
			isa = PBXGroup;
			children = (
				1287993C20BC319300E9D89D /* WalletViewController.h */,
				1287994520BC319300E9D89D /* WalletViewController.m */,
				1287994120BC319300E9D89D /* HomeViewController.h */,
				1287993820BC319300E9D89D /* HomeViewController.m */,
				1287993B20BC319300E9D89D /* HomeTableVC.h */,
				1287994220BC319300E9D89D /* HomeTableVC.m */,
				1287993D20BC319300E9D89D /* DetailHomeVC.h */,
				1287994420BC319300E9D89D /* DetailHomeVC.m */,
				1287993920BC319300E9D89D /* RedeemInStoreVC.h */,
				1287994020BC319300E9D89D /* RedeemInStoreVC.m */,
				1287993A20BC319300E9D89D /* RedeemOnlineVC.h */,
				1287993F20BC319300E9D89D /* RedeemOnlineVC.m */,
			);
			path = ViewControllers;
			sourceTree = "<group>";
		};
		7E52B80F1F5091A400656923 = {
			isa = PBXGroup;
			children = (
				1287993720BC319300E9D89D /* ViewControllers */,
				1287990920BC304300E9D89D /* BarCode */,
				1287990220BC304300E9D89D /* BusinessModel */,
				1287990C20BC304400E9D89D /* CustomCells */,
				1287991720BC304400E9D89D /* NetworkLayer */,
				1287992020BC304400E9D89D /* Utilities */,
				7E52B8321F5091C400656923 /* frameworks */,
				7E52B81A1F5091A400656923 /* DemoSampleApp */,
				7E52B8191F5091A400656923 /* Products */,
				7EFB9FE01F9945CD0078796F /* Frameworks */,
			);
			sourceTree = "<group>";
		};
		7E52B8191F5091A400656923 /* Products */ = {
			isa = PBXGroup;
			children = (
				7E52B8181F5091A400656923 /* DemoSampleApp.app */,
			);
			name = Products;
			sourceTree = "<group>";
		};
		7E52B81A1F5091A400656923 /* DemoSampleApp */ = {
			isa = PBXGroup;
			children = (
				7E52B81E1F5091A400656923 /* AppDelegate.h */,
				7E52B81F1F5091A400656923 /* AppDelegate.m */,
				7E52B8211F5091A400656923 /* ViewController.h */,
				7E52B8221F5091A400656923 /* ViewController.m */,
				7E52B8241F5091A400656923 /* Main.storyboard */,
				7E52B8271F5091A400656923 /* Assets.xcassets */,
				7E52B8291F5091A400656923 /* LaunchScreen.storyboard */,
				7E52B82C1F5091A400656923 /* Info.plist */,
				7E52B81B1F5091A400656923 /* Supporting Files */,
			);
			path = DemoSampleApp;
			sourceTree = "<group>";
		};
		7E52B81B1F5091A400656923 /* Supporting Files */ = {
			isa = PBXGroup;
			children = (
				7E52B81C1F5091A400656923 /* main.m */,
			);
			name = "Supporting Files";
			sourceTree = "<group>";
		};
		7E52B8321F5091C400656923 /* frameworks */ = {
			isa = PBXGroup;
			children = (
				1287994D20BD7EDF00E9D89D /* ValenceAudio.framework */,
				1287994E20BD7EE000E9D89D /* ValenceGeofence.framework */,
				7EEC76192017F690002723DE /* PINCache.framework */,
				7EEC76162017F53E002723DE /* Nucleus.framework */,
				7EEC76152017F53E002723DE /* ValenceBeacon.framework */,
				7E52B8501F50935400656923 /* AFNetworking.framework */,
				7E52B84E1F50934E00656923 /* KontaktSDK.framework */,
				7E52B84C1F50934900656923 /* Mantle.framework */,
			);
			name = frameworks;
			sourceTree = "<group>";
		};
		7EFB9FE01F9945CD0078796F /* Frameworks */ = {
			isa = PBXGroup;
			children = (
			);
			name = Frameworks;
			sourceTree = "<group>";
		};
/* End PBXGroup section */

/* Begin PBXNativeTarget section */
		7E52B8171F5091A400656923 /* DemoSampleApp */ = {
			isa = PBXNativeTarget;
			buildConfigurationList = 7E52B82F1F5091A400656923 /* Build configuration list for PBXNativeTarget "DemoSampleApp" */;
			buildPhases = (
				7E52B8141F5091A400656923 /* Sources */,
				7E52B8151F5091A400656923 /* Frameworks */,
				7E52B8161F5091A400656923 /* Resources */,
				7E52B8581F50935B00656923 /* Embed Frameworks */,
			);
			buildRules = (
			);
			dependencies = (
			);
			name = DemoSampleApp;
			productName = BeaconSample;
			productReference = 7E52B8181F5091A400656923 /* DemoSampleApp.app */;
			productType = "com.apple.product-type.application";
		};
/* End PBXNativeTarget section */

/* Begin PBXProject section */
		7E52B8101F5091A400656923 /* Project object */ = {
			isa = PBXProject;
			attributes = {
				LastUpgradeCheck = 0920;
				ORGANIZATIONNAME = actv8me;
				TargetAttributes = {
					7E52B8171F5091A400656923 = {
						CreatedOnToolsVersion = 8.3.3;
						DevelopmentTeam = 653Y8XXFCP;
						ProvisioningStyle = Automatic;
					};
				};
			};
			buildConfigurationList = 7E52B8131F5091A400656923 /* Build configuration list for PBXProject "DemoSampleApp" */;
			compatibilityVersion = "Xcode 3.2";
			developmentRegion = English;
			hasScannedForEncodings = 0;
			knownRegions = (
				en,
				Base,
			);
			mainGroup = 7E52B80F1F5091A400656923;
			productRefGroup = 7E52B8191F5091A400656923 /* Products */;
			projectDirPath = "";
			projectRoot = "";
			targets = (
				7E52B8171F5091A400656923 /* DemoSampleApp */,
			);
		};
/* End PBXProject section */

/* Begin PBXResourcesBuildPhase section */
		7E52B8161F5091A400656923 /* Resources */ = {
			isa = PBXResourcesBuildPhase;
			buildActionMask = 2147483647;
			files = (
				7E52B82B1F5091A400656923 /* LaunchScreen.storyboard in Resources */,
				7E52B8281F5091A400656923 /* Assets.xcassets in Resources */,
				7E52B8261F5091A400656923 /* Main.storyboard in Resources */,
			);
			runOnlyForDeploymentPostprocessing = 0;
		};
/* End PBXResourcesBuildPhase section */

/* Begin PBXSourcesBuildPhase section */
		7E52B8141F5091A400656923 /* Sources */ = {
			isa = PBXSourcesBuildPhase;
			buildActionMask = 2147483647;
			files = (
				1287993020BC304400E9D89D /* MBNibs.m in Sources */,
				1287992D20BC304400E9D89D /* WalletCell.m in Sources */,
				1287993120BC304400E9D89D /* MBState.m in Sources */,
				1287994620BC319300E9D89D /* HomeViewController.m in Sources */,
				1287992720BC304400E9D89D /* User.m in Sources */,
				1287993620BC304400E9D89D /* TMRequestManager.m in Sources */,
				1287992E20BC304400E9D89D /* ImageCell.m in Sources */,
				7E52B8231F5091A400656923 /* ViewController.m in Sources */,
				1287992C20BC304400E9D89D /* HomeTableCell.m in Sources */,
				1287992820BC304400E9D89D /* ImageDownloader.m in Sources */,
				1287992A20BC304400E9D89D /* BarCodeGenerator.m in Sources */,
				1287993320BC304400E9D89D /* MBTracking.m in Sources */,
				7E52B8201F5091A400656923 /* AppDelegate.m in Sources */,
				1287992F20BC304400E9D89D /* AboutOfferCell.m in Sources */,
				1287994820BC319300E9D89D /* RedeemOnlineVC.m in Sources */,
				1287993220BC304400E9D89D /* Availablility.m in Sources */,
				1287993520BC304400E9D89D /* MBProgressHUD.m in Sources */,
				1287994A20BC319300E9D89D /* HomeTableVC.m in Sources */,
				1287994920BC319300E9D89D /* RedeemInStoreVC.m in Sources */,
				1287993420BC304400E9D89D /* RequestManager.m in Sources */,
				1287992920BC304400E9D89D /* AudioModel.m in Sources */,
				7E52B81D1F5091A400656923 /* main.m in Sources */,
				1287994C20BC319300E9D89D /* WalletViewController.m in Sources */,
				1287992B20BC304400E9D89D /* DetailTableCell.m in Sources */,
				1287994B20BC319300E9D89D /* DetailHomeVC.m in Sources */,
			);
			runOnlyForDeploymentPostprocessing = 0;
		};
/* End PBXSourcesBuildPhase section */

/* Begin PBXVariantGroup section */
		7E52B8241F5091A400656923 /* Main.storyboard */ = {
			isa = PBXVariantGroup;
			children = (
				7E52B8251F5091A400656923 /* Base */,
			);
			name = Main.storyboard;
			sourceTree = "<group>";
		};
		7E52B8291F5091A400656923 /* LaunchScreen.storyboard */ = {
			isa = PBXVariantGroup;
			children = (
				7E52B82A1F5091A400656923 /* Base */,
			);
			name = LaunchScreen.storyboard;
			sourceTree = "<group>";
		};
/* End PBXVariantGroup section */

/* Begin XCBuildConfiguration section */
		7E52B82D1F5091A400656923 /* Debug */ = {
			isa = XCBuildConfiguration;
			buildSettings = {
				ALWAYS_SEARCH_USER_PATHS = NO;
				CLANG_ANALYZER_NONNULL = YES;
				CLANG_ANALYZER_NUMBER_OBJECT_CONVERSION = YES_AGGRESSIVE;
				CLANG_CXX_LANGUAGE_STANDARD = "gnu++0x";
				CLANG_CXX_LIBRARY = "libc++";
				CLANG_ENABLE_MODULES = YES;
				CLANG_ENABLE_OBJC_ARC = YES;
				CLANG_WARN_BLOCK_CAPTURE_AUTORELEASING = YES;
				CLANG_WARN_BOOL_CONVERSION = YES;
				CLANG_WARN_COMMA = YES;
				CLANG_WARN_CONSTANT_CONVERSION = YES;
				CLANG_WARN_DIRECT_OBJC_ISA_USAGE = YES_ERROR;
				CLANG_WARN_DOCUMENTATION_COMMENTS = YES;
				CLANG_WARN_EMPTY_BODY = YES;
				CLANG_WARN_ENUM_CONVERSION = YES;
				CLANG_WARN_INFINITE_RECURSION = YES;
				CLANG_WARN_INT_CONVERSION = YES;
				CLANG_WARN_NON_LITERAL_NULL_CONVERSION = YES;
				CLANG_WARN_OBJC_LITERAL_CONVERSION = YES;
				CLANG_WARN_OBJC_ROOT_CLASS = YES_ERROR;
				CLANG_WARN_RANGE_LOOP_ANALYSIS = YES;
				CLANG_WARN_STRICT_PROTOTYPES = YES;
				CLANG_WARN_SUSPICIOUS_MOVE = YES;
				CLANG_WARN_UNREACHABLE_CODE = YES;
				CLANG_WARN__DUPLICATE_METHOD_MATCH = YES;
				"CODE_SIGN_IDENTITY[sdk=iphoneos*]" = "iPhone Developer";
				COPY_PHASE_STRIP = NO;
				DEBUG_INFORMATION_FORMAT = dwarf;
				DSTROOT = /tmp/DemoSampleApp.dst;
				ENABLE_STRICT_OBJC_MSGSEND = YES;
				ENABLE_TESTABILITY = YES;
				GCC_C_LANGUAGE_STANDARD = gnu99;
				GCC_DYNAMIC_NO_PIC = NO;
				GCC_NO_COMMON_BLOCKS = YES;
				GCC_OPTIMIZATION_LEVEL = 0;
				GCC_PREPROCESSOR_DEFINITIONS = (
					"DEBUG=1",
					"$(inherited)",
				);
				GCC_WARN_64_TO_32_BIT_CONVERSION = YES;
				GCC_WARN_ABOUT_RETURN_TYPE = YES_ERROR;
				GCC_WARN_UNDECLARED_SELECTOR = YES;
				GCC_WARN_UNINITIALIZED_AUTOS = YES_AGGRESSIVE;
				GCC_WARN_UNUSED_FUNCTION = YES;
				GCC_WARN_UNUSED_VARIABLE = YES;
				IPHONEOS_DEPLOYMENT_TARGET = 10.3;
				MTL_ENABLE_DEBUG_INFO = YES;
				ONLY_ACTIVE_ARCH = YES;
				SDKROOT = iphoneos;
				TARGETED_DEVICE_FAMILY = "1,2";
			};
			name = Debug;
		};
		7E52B82E1F5091A400656923 /* Release */ = {
			isa = XCBuildConfiguration;
			buildSettings = {
				ALWAYS_SEARCH_USER_PATHS = NO;
				CLANG_ANALYZER_NONNULL = YES;
				CLANG_ANALYZER_NUMBER_OBJECT_CONVERSION = YES_AGGRESSIVE;
				CLANG_CXX_LANGUAGE_STANDARD = "gnu++0x";
				CLANG_CXX_LIBRARY = "libc++";
				CLANG_ENABLE_MODULES = YES;
				CLANG_ENABLE_OBJC_ARC = YES;
				CLANG_WARN_BLOCK_CAPTURE_AUTORELEASING = YES;
				CLANG_WARN_BOOL_CONVERSION = YES;
				CLANG_WARN_COMMA = YES;
				CLANG_WARN_CONSTANT_CONVERSION = YES;
				CLANG_WARN_DIRECT_OBJC_ISA_USAGE = YES_ERROR;
				CLANG_WARN_DOCUMENTATION_COMMENTS = YES;
				CLANG_WARN_EMPTY_BODY = YES;
				CLANG_WARN_ENUM_CONVERSION = YES;
				CLANG_WARN_INFINITE_RECURSION = YES;
				CLANG_WARN_INT_CONVERSION = YES;
				CLANG_WARN_NON_LITERAL_NULL_CONVERSION = YES;
				CLANG_WARN_OBJC_LITERAL_CONVERSION = YES;
				CLANG_WARN_OBJC_ROOT_CLASS = YES_ERROR;
				CLANG_WARN_RANGE_LOOP_ANALYSIS = YES;
				CLANG_WARN_STRICT_PROTOTYPES = YES;
				CLANG_WARN_SUSPICIOUS_MOVE = YES;
				CLANG_WARN_UNREACHABLE_CODE = YES;
				CLANG_WARN__DUPLICATE_METHOD_MATCH = YES;
				"CODE_SIGN_IDENTITY[sdk=iphoneos*]" = "iPhone Developer";
				COPY_PHASE_STRIP = NO;
				DEBUG_INFORMATION_FORMAT = "dwarf-with-dsym";
				ENABLE_NS_ASSERTIONS = NO;
				ENABLE_STRICT_OBJC_MSGSEND = YES;
				GCC_C_LANGUAGE_STANDARD = gnu99;
				GCC_NO_COMMON_BLOCKS = YES;
				GCC_WARN_64_TO_32_BIT_CONVERSION = YES;
				GCC_WARN_ABOUT_RETURN_TYPE = YES_ERROR;
				GCC_WARN_UNDECLARED_SELECTOR = YES;
				GCC_WARN_UNINITIALIZED_AUTOS = YES_AGGRESSIVE;
				GCC_WARN_UNUSED_FUNCTION = YES;
				GCC_WARN_UNUSED_VARIABLE = YES;
				IPHONEOS_DEPLOYMENT_TARGET = 10.3;
				MTL_ENABLE_DEBUG_INFO = NO;
				SDKROOT = iphoneos;
				TARGETED_DEVICE_FAMILY = "1,2";
				VALIDATE_PRODUCT = YES;
			};
			name = Release;
		};
		7E52B8301F5091A400656923 /* Debug */ = {
			isa = XCBuildConfiguration;
			buildSettings = {
				ASSETCATALOG_COMPILER_APPICON_NAME = AppIcon;
				DEVELOPMENT_TEAM = 653Y8XXFCP;
				FRAMEWORK_SEARCH_PATHS = (
					"$(inherited)",
					"$(PROJECT_DIR)",
					"$(PROJECT_DIR)/Carthage/Build/iOS",
					"$(PROJECT_DIR)/frameworks",
				);
				HEADER_SEARCH_PATHS = "$(inherited)";
				INFOPLIST_FILE = DemoSampleApp/Info.plist;
				IPHONEOS_DEPLOYMENT_TARGET = 10.0;
				LD_RUNPATH_SEARCH_PATHS = "$(inherited) @executable_path/Frameworks";
				LIBRARY_SEARCH_PATHS = (
					"$(inherited)",
					"$(PROJECT_DIR)/frameworks",
				);
				OTHER_LDFLAGS = "";
				PRODUCT_BUNDLE_IDENTIFIER = me.actv8.DemoSampleApp;
				PRODUCT_NAME = "$(TARGET_NAME)";
			};
			name = Debug;
		};
		7E52B8311F5091A400656923 /* Release */ = {
			isa = XCBuildConfiguration;
			buildSettings = {
				ASSETCATALOG_COMPILER_APPICON_NAME = AppIcon;
				DEVELOPMENT_TEAM = 653Y8XXFCP;
				FRAMEWORK_SEARCH_PATHS = (
					"$(inherited)",
					"$(PROJECT_DIR)",
					"$(PROJECT_DIR)/Carthage/Build/iOS",
					"$(PROJECT_DIR)/frameworks",
				);
				HEADER_SEARCH_PATHS = "$(inherited)";
				INFOPLIST_FILE = DemoSampleApp/Info.plist;
				IPHONEOS_DEPLOYMENT_TARGET = 10.0;
				LD_RUNPATH_SEARCH_PATHS = "$(inherited) @executable_path/Frameworks";
				LIBRARY_SEARCH_PATHS = (
					"$(inherited)",
					"$(PROJECT_DIR)/frameworks",
				);
				OTHER_LDFLAGS = "";
				PRODUCT_BUNDLE_IDENTIFIER = me.actv8.DemoSampleApp;
				PRODUCT_NAME = "$(TARGET_NAME)";
			};
			name = Release;
		};
/* End XCBuildConfiguration section */

/* Begin XCConfigurationList section */
		7E52B8131F5091A400656923 /* Build configuration list for PBXProject "DemoSampleApp" */ = {
			isa = XCConfigurationList;
			buildConfigurations = (
				7E52B82D1F5091A400656923 /* Debug */,
				7E52B82E1F5091A400656923 /* Release */,
			);
			defaultConfigurationIsVisible = 0;
			defaultConfigurationName = Release;
		};
		7E52B82F1F5091A400656923 /* Build configuration list for PBXNativeTarget "DemoSampleApp" */ = {
			isa = XCConfigurationList;
			buildConfigurations = (
				7E52B8301F5091A400656923 /* Debug */,
				7E52B8311F5091A400656923 /* Release */,
			);
			defaultConfigurationIsVisible = 0;
			defaultConfigurationName = Release;
		};
/* End XCConfigurationList section */
	};
	rootObject = 7E52B8101F5091A400656923 /* Project object */;
}
